
Microsoft Visual Studio Solution File, Format Version 12.00
# Visual Studio Version 17
VisualStudioVersion = 17.7.34031.279
MinimumVisualStudioVersion = 10.0.40219.1
Project("{FAE04EC0-301F-11D3-BF4B-00C04F79EFBC}") = "NoiseReducer", "NoiseReducer\NoiseReducer.csproj", "{D89246E6-9C05-496C-BB2B-512E3606F792}"
EndProject
Global
	GlobalSection(SolutionConfigurationPlatforms) = preSolution
		Debug|Any CPU = Debug|Any CPU
		Release|Any CPU = Release|Any CPU
	EndGlobalSection
	GlobalSection(ProjectConfigurationPlatforms) = postSolution
		{D89246E6-9C05-496C-BB2B-512E3606F792}.Debug|Any CPU.ActiveCfg = Debug|Any CPU
		{D89246E6-9C05-496C-BB2B-512E3606F792}.Debug|Any CPU.Build.0 = Debug|Any CPU
		{D89246E6-9C05-496C-BB2B-512E3606F792}.Release|Any CPU.ActiveCfg = Release|Any CPU
		{D89246E6-9C05-496C-BB2B-512E3606F792}.Release|Any CPU.Build.0 = Release|Any CPU
	EndGlobalSection
	GlobalSection(SolutionProperties) = preSolution
		HideSolutionNode = FALSE
	EndGlobalSection
	GlobalSection(ExtensibilityGlobals) = postSolution
		SolutionGuid = {E7E85D3C-8D0C-4D30-ABFD-37168F07272B}
	EndGlobalSection
EndGlobal
